
Microsoft Visual Studio Solution File, Format Version 12.00
# Visual Studio Version 17
VisualStudioVersion = 17.10.35013.160
MinimumVisualStudioVersion = 10.0.40219.1
Project("{9A19103F-16F7-4668-BE54-9A1E7A4F7556}") = "EagleR", "EagleR\EagleR.csproj", "{816ABB41-B81E-40E7-B73B-4447A912E3C7}"
EndProject
Project("{9A19103F-16F7-4668-BE54-9A1E7A4F7556}") = "EagleR.Desktop", "EagleR.Desktop\EagleR.Desktop.csproj", "{7F9E5A5C-115E-430D-87F5-2BB907E82C72}"
EndProject
Project("{2150E333-8FDC-42A3-9474-1A3956D46DE8}") = "Solution Items", "Solution Items", "{36FFCA55-12F0-4FB6-956E-7CF7B2B9B230}"
	ProjectSection(SolutionItems) = preProject
		README.md = README.md
	EndProjectSection
EndProject
Global
	GlobalSection(SolutionConfigurationPlatforms) = preSolution
		Debug|Any CPU = Debug|Any CPU
		Release|Any CPU = Release|Any CPU
	EndGlobalSection
	GlobalSection(ProjectConfigurationPlatforms) = postSolution
		{816ABB41-B81E-40E7-B73B-4447A912E3C7}.Debug|Any CPU.ActiveCfg = Debug|Any CPU
		{816ABB41-B81E-40E7-B73B-4447A912E3C7}.Debug|Any CPU.Build.0 = Debug|Any CPU
		{816ABB41-B81E-40E7-B73B-4447A912E3C7}.Debug|Any CPU.Deploy.0 = Debug|Any CPU
		{816ABB41-B81E-40E7-B73B-4447A912E3C7}.Release|Any CPU.ActiveCfg = Release|Any CPU
		{816ABB41-B81E-40E7-B73B-4447A912E3C7}.Release|Any CPU.Build.0 = Release|Any CPU
		{816ABB41-B81E-40E7-B73B-4447A912E3C7}.Release|Any CPU.Deploy.0 = Release|Any CPU
		{7F9E5A5C-115E-430D-87F5-2BB907E82C72}.Debug|Any CPU.ActiveCfg = Debug|Any CPU
		{7F9E5A5C-115E-430D-87F5-2BB907E82C72}.Debug|Any CPU.Build.0 = Debug|Any CPU
		{7F9E5A5C-115E-430D-87F5-2BB907E82C72}.Release|Any CPU.ActiveCfg = Release|Any CPU
		{7F9E5A5C-115E-430D-87F5-2BB907E82C72}.Release|Any CPU.Build.0 = Release|Any CPU
	EndGlobalSection
	GlobalSection(SolutionProperties) = preSolution
		HideSolutionNode = FALSE
	EndGlobalSection
	GlobalSection(ExtensibilityGlobals) = postSolution
		SolutionGuid = {D88D8D1C-B23F-453E-8D7D-38F72B2CDD2C}
	EndGlobalSection
EndGlobal
